// !$*UTF8*$!
{
	archiveVersion = 1;
	classes = {
	};
	objectVersion = 46;
	objects = {

/* Begin PBXBuildFile section */
		C70D80701BBBE676007548D7 /* AppDelegate.swift in Sources */ = {isa = PBXBuildFile; fileRef = C70D806F1BBBE676007548D7 /* AppDelegate.swift */; };
		C70D80721BBBE676007548D7 /* ViewController.swift in Sources */ = {isa = PBXBuildFile; fileRef = C70D80711BBBE676007548D7 /* ViewController.swift */; };
		C70D80751BBBE676007548D7 /* Main.storyboard in Resources */ = {isa = PBXBuildFile; fileRef = C70D80731BBBE676007548D7 /* Main.storyboard */; };
		C70D80771BBBE676007548D7 /* Assets.xcassets in Resources */ = {isa = PBXBuildFile; fileRef = C70D80761BBBE676007548D7 /* Assets.xcassets */; };
		C70D807A1BBBE676007548D7 /* LaunchScreen.storyboard in Resources */ = {isa = PBXBuildFile; fileRef = C70D80781BBBE676007548D7 /* LaunchScreen.storyboard */; };
/* End PBXBuildFile section */

/* Begin PBXFileReference section */
		C70D806C1BBBE676007548D7 /* Stack.app */ = {isa = PBXFileReference; explicitFileType = wrapper.application; includeInIndex = 0; path = Stack.app; sourceTree = BUILT_PRODUCTS_DIR; };
		C70D806F1BBBE676007548D7 /* AppDelegate.swift */ = {isa = PBXFileReference; lastKnownFileType = sourcecode.swift; path = AppDelegate.swift; sourceTree = "<group>"; };
		C70D80711BBBE676007548D7 /* ViewController.swift */ = {isa = PBXFileReference; lastKnownFileType = sourcecode.swift; path = ViewController.swift; sourceTree = "<group>"; };
		C70D80741BBBE676007548D7 /* Base */ = {isa = PBXFileReference; lastKnownFileType = file.storyboard; name = Base; path = Base.lproj/Main.storyboard; sourceTree = "<group>"; };
		C70D80761BBBE676007548D7 /* Assets.xcassets */ = {isa = PBXFileReference; lastKnownFileType = folder.assetcatalog; path = Assets.xcassets; sourceTree = "<group>"; };
		C70D80791BBBE676007548D7 /* Base */ = {isa = PBXFileReference; lastKnownFileType = file.storyboard; name = Base; path = Base.lproj/LaunchScreen.storyboard; sourceTree = "<group>"; };
		C70D807B1BBBE676007548D7 /* Info.plist */ = {isa = PBXFileReference; lastKnownFileType = text.plist.xml; path = Info.plist; sourceTree = "<group>"; };
/* End PBXFileReference section */

/* Begin PBXFrameworksBuildPhase section */
		C70D80691BBBE676007548D7 /* Frameworks */ = {
			isa = PBXFrameworksBuildPhase;
			buildActionMask = 2147483647;
			files = (
			);
			runOnlyForDeploymentPostprocessing = 0;
		};
/* End PBXFrameworksBuildPhase section */

/* Begin PBXGroup section */
		C70D80631BBBE676007548D7 = {
			isa = PBXGroup;
			children = (
				C70D806E1BBBE676007548D7 /* Stack */,
				C70D806D1BBBE676007548D7 /* Products */,
			);
			sourceTree = "<group>";
		};
		C70D806D1BBBE676007548D7 /* Products */ = {
			isa = PBXGroup;
			children = (
				C70D806C1BBBE676007548D7 /* Stack.app */,
			);
			name = Products;
			sourceTree = "<group>";
		};
		C70D806E1BBBE676007548D7 /* Stack */ = {
			isa = PBXGroup;
			children = (
				C70D806F1BBBE676007548D7 /* AppDelegate.swift */,
				C70D80711BBBE676007548D7 /* ViewController.swift */,
				C70D80731BBBE676007548D7 /* Main.storyboard */,
				C70D80761BBBE676007548D7 /* Assets.xcassets */,
				C70D80781BBBE676007548D7 /* LaunchScreen.storyboard */,
				C70D807B1BBBE676007548D7 /* Info.plist */,
			);
			path = Stack;
			sourceTree = "<group>";
		};
/* End PBXGroup section */

/* Begin PBXNativeTarget section */
		C70D806B1BBBE676007548D7 /* Stack */ = {
			isa = PBXNativeTarget;
			buildConfigurationList = C70D807E1BBBE676007548D7 /* Build configuration list for PBXNativeTarget "Stack" */;
			buildPhases = (
				C70D80681BBBE676007548D7 /* Sources */,
				C70D80691BBBE676007548D7 /* Frameworks */,
				C70D806A1BBBE676007548D7 /* Resources */,
			);
			buildRules = (
			);
			dependencies = (
			);
			name = Stack;
			productName = Stack;
			productReference = C70D806C1BBBE676007548D7 /* Stack.app */;
			productType = "com.apple.product-type.application";
		};
/* End PBXNativeTarget section */

/* Begin PBXProject section */
		C70D80641BBBE676007548D7 /* Project object */ = {
			isa = PBXProject;
			attributes = {
				LastUpgradeCheck = 0700;
				ORGANIZATIONNAME = "Imanou PETIT";
				TargetAttributes = {
					C70D806B1BBBE676007548D7 = {
						CreatedOnToolsVersion = 7.0;
					};
				};
			};
			buildConfigurationList = C70D80671BBBE676007548D7 /* Build configuration list for PBXProject "Stack" */;
			compatibilityVersion = "Xcode 3.2";
			developmentRegion = English;
			hasScannedForEncodings = 0;
			knownRegions = (
				en,
				Base,
			);
			mainGroup = C70D80631BBBE676007548D7;
			productRefGroup = C70D806D1BBBE676007548D7 /* Products */;
			projectDirPath = "";
			projectRoot = "";
			targets = (
				C70D806B1BBBE676007548D7 /* Stack */,
			);
		};
/* End PBXProject section */

/* Begin PBXResourcesBuildPhase section */
		C70D806A1BBBE676007548D7 /* Resources */ = {
			isa = PBXResourcesBuildPhase;
			buildActionMask = 2147483647;
			files = (
				C70D807A1BBBE676007548D7 /* LaunchScreen.storyboard in Resources */,
				C70D80771BBBE676007548D7 /* Assets.xcassets in Resources */,
				C70D80751BBBE676007548D7 /* Main.storyboard in Resources */,
			);
			runOnlyForDeploymentPostprocessing = 0;
		};
/* End PBXResourcesBuildPhase section */

/* Begin PBXSourcesBuildPhase section */
		C70D80681BBBE676007548D7 /* Sources */ = {
			isa = PBXSourcesBuildPhase;
			buildActionMask = 2147483647;
			files = (
				C70D80721BBBE676007548D7 /* ViewController.swift in Sources */,
				C70D80701BBBE676007548D7 /* AppDelegate.swift in Sources */,
			);
			runOnlyForDeploymentPostprocessing = 0;
		};
/* End PBXSourcesBuildPhase section */

/* Begin PBXVariantGroup section */
		C70D80731BBBE676007548D7 /* Main.storyboard */ = {
			isa = PBXVariantGroup;
			children = (
				C70D80741BBBE676007548D7 /* Base */,
			);
			name = Main.storyboard;
			sourceTree = "<group>";
		};
		C70D80781BBBE676007548D7 /* LaunchScreen.storyboard */ = {
			isa = PBXVariantGroup;
			children = (
				C70D80791BBBE676007548D7 /* Base */,
			);
			name = LaunchScreen.storyboard;
			sourceTree = "<group>";
		};
/* End PBXVariantGroup section */

/* Begin XCBuildConfiguration section */
		C70D807C1BBBE676007548D7 /* Debug */ = {
			isa = XCBuildConfiguration;
			buildSettings = {
				ALWAYS_SEARCH_USER_PATHS = NO;
				CLANG_CXX_LANGUAGE_STANDARD = "gnu++0x";
				CLANG_CXX_LIBRARY = "libc++";
				CLANG_ENABLE_MODULES = YES;
				CLANG_ENABLE_OBJC_ARC = YES;
				CLANG_WARN_BOOL_CONVERSION = YES;
				CLANG_WARN_CONSTANT_CONVERSION = YES;
				CLANG_WARN_DIRECT_OBJC_ISA_USAGE = YES_ERROR;
				CLANG_WARN_EMPTY_BODY = YES;
				CLANG_WARN_ENUM_CONVERSION = YES;
				CLANG_WARN_INT_CONVERSION = YES;
				CLANG_WARN_OBJC_ROOT_CLASS = YES_ERROR;
				CLANG_WARN_UNREACHABLE_CODE = YES;
				CLANG_WARN__DUPLICATE_METHOD_MATCH = YES;
				"CODE_SIGN_IDENTITY[sdk=iphoneos*]" = "iPhone Developer";
				COPY_PHASE_STRIP = NO;
				DEBUG_INFORMATION_FORMAT = dwarf;
				ENABLE_STRICT_OBJC_MSGSEND = YES;
				ENABLE_TESTABILITY = YES;
				GCC_C_LANGUAGE_STANDARD = gnu99;
				GCC_DYNAMIC_NO_PIC = NO;
				GCC_NO_COMMON_BLOCKS = YES;
				GCC_OPTIMIZATION_LEVEL = 0;
				GCC_PREPROCESSOR_DEFINITIONS = (
					"DEBUG=1",
					"$(inherited)",
				);
				GCC_WARN_64_TO_32_BIT_CONVERSION = YES;
				GCC_WARN_ABOUT_RETURN_TYPE = YES_ERROR;
				GCC_WARN_UNDECLARED_SELECTOR = YES;
				GCC_WARN_UNINITIALIZED_AUTOS = YES_AGGRESSIVE;
				GCC_WARN_UNUSED_FUNCTION = YES;
				GCC_WARN_UNUSED_VARIABLE = YES;
				IPHONEOS_DEPLOYMENT_TARGET = 9.0;
				MTL_ENABLE_DEBUG_INFO = YES;
				ONLY_ACTIVE_ARCH = YES;
				SDKROOT = iphoneos;
				SWIFT_OPTIMIZATION_LEVEL = "-Onone";
				TARGETED_DEVICE_FAMILY = "1,2";
			};
			name = Debug;
		};
		C70D807D1BBBE676007548D7 /* Release */ = {
			isa = XCBuildConfiguration;
			buildSettings = {
				ALWAYS_SEARCH_USER_PATHS = NO;
				CLANG_CXX_LANGUAGE_STANDARD = "gnu++0x";
				CLANG_CXX_LIBRARY = "libc++";
				CLANG_ENABLE_MODULES = YES;
				CLANG_ENABLE_OBJC_ARC = YES;
				CLANG_WARN_BOOL_CONVERSION = YES;
				CLANG_WARN_CONSTANT_CONVERSION = YES;
				CLANG_WARN_DIRECT_OBJC_ISA_USAGE = YES_ERROR;
				CLANG_WARN_EMPTY_BODY = YES;
				CLANG_WARN_ENUM_CONVERSION = YES;
				CLANG_WARN_INT_CONVERSION = YES;
				CLANG_WARN_OBJC_ROOT_CLASS = YES_ERROR;
				CLANG_WARN_UNREACHABLE_CODE = YES;
				CLANG_WARN__DUPLICATE_METHOD_MATCH = YES;
				"CODE_SIGN_IDENTITY[sdk=iphoneos*]" = "iPhone Developer";
				COPY_PHASE_STRIP = NO;
				DEBUG_INFORMATION_FORMAT = "dwarf-with-dsym";
				ENABLE_NS_ASSERTIONS = NO;
				ENABLE_STRICT_OBJC_MSGSEND = YES;
				GCC_C_LANGUAGE_STANDARD = gnu99;
				GCC_NO_COMMON_BLOCKS = YES;
				GCC_WARN_64_TO_32_BIT_CONVERSION = YES;
				GCC_WARN_ABOUT_RETURN_TYPE = YES_ERROR;
				GCC_WARN_UNDECLARED_SELECTOR = YES;
				GCC_WARN_UNINITIALIZED_AUTOS = YES_AGGRESSIVE;
				GCC_WARN_UNUSED_FUNCTION = YES;
				GCC_WARN_UNUSED_VARIABLE = YES;
				IPHONEOS_DEPLOYMENT_TARGET = 9.0;
				MTL_ENABLE_DEBUG_INFO = NO;
				SDKROOT = iphoneos;
				TARGETED_DEVICE_FAMILY = "1,2";
				VALIDATE_PRODUCT = YES;
			};
			name = Release;
		};
		C70D807F1BBBE676007548D7 /* Debug */ = {
			isa = XCBuildConfiguration;
			buildSettings = {
				ASSETCATALOG_COMPILER_APPICON_NAME = AppIcon;
				INFOPLIST_FILE = Stack/Info.plist;
				LD_RUNPATH_SEARCH_PATHS = "$(inherited) @executable_path/Frameworks";
				PRODUCT_BUNDLE_IDENTIFIER = "Imanou-PETIT.Stack";
				PRODUCT_NAME = "$(TARGET_NAME)";
			};
			name = Debug;
		};
		C70D80801BBBE676007548D7 /* Release */ = {
			isa = XCBuildConfiguration;
			buildSettings = {
				ASSETCATALOG_COMPILER_APPICON_NAME = AppIcon;
				INFOPLIST_FILE = Stack/Info.plist;
				LD_RUNPATH_SEARCH_PATHS = "$(inherited) @executable_path/Frameworks";
				PRODUCT_BUNDLE_IDENTIFIER = "Imanou-PETIT.Stack";
				PRODUCT_NAME = "$(TARGET_NAME)";
			};
			name = Release;
		};
/* End XCBuildConfiguration section */

/* Begin XCConfigurationList section */
		C70D80671BBBE676007548D7 /* Build configuration list for PBXProject "Stack" */ = {
			isa = XCConfigurationList;
			buildConfigurations = (
				C70D807C1BBBE676007548D7 /* Debug */,
				C70D807D1BBBE676007548D7 /* Release */,
			);
			defaultConfigurationIsVisible = 0;
			defaultConfigurationName = Release;
		};
		C70D807E1BBBE676007548D7 /* Build configuration list for PBXNativeTarget "Stack" */ = {
			isa = XCConfigurationList;
			buildConfigurations = (
				C70D807F1BBBE676007548D7 /* Debug */,
				C70D80801BBBE676007548D7 /* Release */,
			);
			defaultConfigurationIsVisible = 0;
		};
/* End XCConfigurationList section */
	};
	rootObject = C70D80641BBBE676007548D7 /* Project object */;
}
